
Microsoft Visual Studio Solution File, Format Version 12.00
# Visual Studio Version 17
VisualStudioVersion = 17.2.32505.173
MinimumVisualStudioVersion = 10.0.40219.1
Project("{9A19103F-16F7-4668-BE54-9A1E7A4F7556}") = "WEB_053505_HRIGORCHUK", "WEB_053505_HRIGORCHUK\WEB_053505_HRIGORCHUK.csproj", "{CA3F58FF-1603-4B63-807C-F8CCFDC3FE51}"
EndProject
Project("{FAE04EC0-301F-11D3-BF4B-00C04F79EFBC}") = "WEB_053505_HRIGORCHUK.Blazor.Server", "WEB_053505_HRIGORCHUK.Blazor\Server\WEB_053505_HRIGORCHUK.Blazor.Server.csproj", "{70AF23FF-D525-4836-BEF7-61539EA8BC78}"
EndProject
Project("{FAE04EC0-301F-11D3-BF4B-00C04F79EFBC}") = "WEB_053505_HRIGORCHUK.Blazor.Client", "WEB_053505_HRIGORCHUK.Blazor\Client\WEB_053505_HRIGORCHUK.Blazor.Client.csproj", "{2951A7AF-D05D-439E-878B-D6BD7BA6507D}"
EndProject
Project("{FAE04EC0-301F-11D3-BF4B-00C04F79EFBC}") = "WEB_053505_HRIGORCHUK.Blazor.Shared", "WEB_053505_HRIGORCHUK.Blazor\Shared\WEB_053505_HRIGORCHUK.Blazor.Shared.csproj", "{F54BC2CF-4423-47CB-A369-7F4D40DC8B5E}"
EndProject
Global
	GlobalSection(SolutionConfigurationPlatforms) = preSolution
		Debug|Any CPU = Debug|Any CPU
		Release|Any CPU = Release|Any CPU
	EndGlobalSection
	GlobalSection(ProjectConfigurationPlatforms) = postSolution
		{CA3F58FF-1603-4B63-807C-F8CCFDC3FE51}.Debug|Any CPU.ActiveCfg = Debug|Any CPU
		{CA3F58FF-1603-4B63-807C-F8CCFDC3FE51}.Debug|Any CPU.Build.0 = Debug|Any CPU
		{CA3F58FF-1603-4B63-807C-F8CCFDC3FE51}.Release|Any CPU.ActiveCfg = Release|Any CPU
		{CA3F58FF-1603-4B63-807C-F8CCFDC3FE51}.Release|Any CPU.Build.0 = Release|Any CPU
		{70AF23FF-D525-4836-BEF7-61539EA8BC78}.Debug|Any CPU.ActiveCfg = Debug|Any CPU
		{70AF23FF-D525-4836-BEF7-61539EA8BC78}.Debug|Any CPU.Build.0 = Debug|Any CPU
		{70AF23FF-D525-4836-BEF7-61539EA8BC78}.Release|Any CPU.ActiveCfg = Release|Any CPU
		{70AF23FF-D525-4836-BEF7-61539EA8BC78}.Release|Any CPU.Build.0 = Release|Any CPU
		{2951A7AF-D05D-439E-878B-D6BD7BA6507D}.Debug|Any CPU.ActiveCfg = Debug|Any CPU
		{2951A7AF-D05D-439E-878B-D6BD7BA6507D}.Debug|Any CPU.Build.0 = Debug|Any CPU
		{2951A7AF-D05D-439E-878B-D6BD7BA6507D}.Release|Any CPU.ActiveCfg = Release|Any CPU
		{2951A7AF-D05D-439E-878B-D6BD7BA6507D}.Release|Any CPU.Build.0 = Release|Any CPU
		{F54BC2CF-4423-47CB-A369-7F4D40DC8B5E}.Debug|Any CPU.ActiveCfg = Debug|Any CPU
		{F54BC2CF-4423-47CB-A369-7F4D40DC8B5E}.Debug|Any CPU.Build.0 = Debug|Any CPU
		{F54BC2CF-4423-47CB-A369-7F4D40DC8B5E}.Release|Any CPU.ActiveCfg = Release|Any CPU
		{F54BC2CF-4423-47CB-A369-7F4D40DC8B5E}.Release|Any CPU.Build.0 = Release|Any CPU
	EndGlobalSection
	GlobalSection(SolutionProperties) = preSolution
		HideSolutionNode = FALSE
	EndGlobalSection
	GlobalSection(ExtensibilityGlobals) = postSolution
		SolutionGuid = {634CEBA8-6E9E-43D8-AB16-16384D703D69}
	EndGlobalSection
EndGlobal
